
Microsoft Visual Studio Solution File, Format Version 12.00
# Visual Studio Version 17
VisualStudioVersion = 17.10.34928.147
MinimumVisualStudioVersion = 10.0.40219.1
Project("{9A19103F-16F7-4668-BE54-9A1E7A4F7556}") = "VetShop", "VetShop\VetShop.csproj", "{6E092120-299F-427C-A730-BDEB00D76BD6}"
EndProject
Project("{9A19103F-16F7-4668-BE54-9A1E7A4F7556}") = "VetShop.Core", "VetShop.Core\VetShop.Core.csproj", "{4E721D56-8647-4D11-BE7B-F0043159283B}"
EndProject
Project("{9A19103F-16F7-4668-BE54-9A1E7A4F7556}") = "VetShop.Infrastructure", "VetShop.Infrastructure\VetShop.Infrastructure.csproj", "{2E2C20CF-13A9-4267-96EF-4EA86773DE75}"
EndProject
Global
	GlobalSection(SolutionConfigurationPlatforms) = preSolution
		Debug|Any CPU = Debug|Any CPU
		Release|Any CPU = Release|Any CPU
	EndGlobalSection
	GlobalSection(ProjectConfigurationPlatforms) = postSolution
		{6E092120-299F-427C-A730-BDEB00D76BD6}.Debug|Any CPU.ActiveCfg = Debug|Any CPU
		{6E092120-299F-427C-A730-BDEB00D76BD6}.Debug|Any CPU.Build.0 = Debug|Any CPU
		{6E092120-299F-427C-A730-BDEB00D76BD6}.Release|Any CPU.ActiveCfg = Release|Any CPU
		{6E092120-299F-427C-A730-BDEB00D76BD6}.Release|Any CPU.Build.0 = Release|Any CPU
		{4E721D56-8647-4D11-BE7B-F0043159283B}.Debug|Any CPU.ActiveCfg = Debug|Any CPU
		{4E721D56-8647-4D11-BE7B-F0043159283B}.Debug|Any CPU.Build.0 = Debug|Any CPU
		{4E721D56-8647-4D11-BE7B-F0043159283B}.Release|Any CPU.ActiveCfg = Release|Any CPU
		{4E721D56-8647-4D11-BE7B-F0043159283B}.Release|Any CPU.Build.0 = Release|Any CPU
		{2E2C20CF-13A9-4267-96EF-4EA86773DE75}.Debug|Any CPU.ActiveCfg = Debug|Any CPU
		{2E2C20CF-13A9-4267-96EF-4EA86773DE75}.Debug|Any CPU.Build.0 = Debug|Any CPU
		{2E2C20CF-13A9-4267-96EF-4EA86773DE75}.Release|Any CPU.ActiveCfg = Release|Any CPU
		{2E2C20CF-13A9-4267-96EF-4EA86773DE75}.Release|Any CPU.Build.0 = Release|Any CPU
	EndGlobalSection
	GlobalSection(SolutionProperties) = preSolution
		HideSolutionNode = FALSE
	EndGlobalSection
	GlobalSection(ExtensibilityGlobals) = postSolution
		SolutionGuid = {B7391E70-39F8-42E1-B4C4-EE0A5F804776}
	EndGlobalSection
EndGlobal
